
Microsoft Visual Studio Solution File, Format Version 12.00
# Visual Studio Version 17
VisualStudioVersion = 17.3.32929.385
MinimumVisualStudioVersion = 10.0.40219.1
Project("{FAE04EC0-301F-11D3-BF4B-00C04F79EFBC}") = "Options", "Options\Options.csproj", "{B045D5FF-B617-4BAF-8650-DEC4DF35727E}"
EndProject
Global
	GlobalSection(SolutionConfigurationPlatforms) = preSolution
		Debug|Any CPU = Debug|Any CPU
		Release|Any CPU = Release|Any CPU
	EndGlobalSection
	GlobalSection(ProjectConfigurationPlatforms) = postSolution
		{B045D5FF-B617-4BAF-8650-DEC4DF35727E}.Debug|Any CPU.ActiveCfg = Debug|Any CPU
		{B045D5FF-B617-4BAF-8650-DEC4DF35727E}.Debug|Any CPU.Build.0 = Debug|Any CPU
		{B045D5FF-B617-4BAF-8650-DEC4DF35727E}.Release|Any CPU.ActiveCfg = Release|Any CPU
		{B045D5FF-B617-4BAF-8650-DEC4DF35727E}.Release|Any CPU.Build.0 = Release|Any CPU
	EndGlobalSection
	GlobalSection(SolutionProperties) = preSolution
		HideSolutionNode = FALSE
	EndGlobalSection
	GlobalSection(ExtensibilityGlobals) = postSolution
		SolutionGuid = {85E3172C-CF78-4CE7-94CD-40EAA91AB0C9}
	EndGlobalSection
EndGlobal
